
Microsoft Visual Studio Solution File, Format Version 12.00
# Visual Studio Version 17
VisualStudioVersion = 17.6.33723.286
MinimumVisualStudioVersion = 10.0.40219.1
Project("{FAE04EC0-301F-11D3-BF4B-00C04F79EFBC}") = "Allup", "Allup\Allup.csproj", "{964B6337-A446-4BCA-AFD2-E87C1CA5AF32}"
EndProject
Global
	GlobalSection(SolutionConfigurationPlatforms) = preSolution
		Debug|Any CPU = Debug|Any CPU
		Release|Any CPU = Release|Any CPU
	EndGlobalSection
	GlobalSection(ProjectConfigurationPlatforms) = postSolution
		{964B6337-A446-4BCA-AFD2-E87C1CA5AF32}.Debug|Any CPU.ActiveCfg = Debug|Any CPU
		{964B6337-A446-4BCA-AFD2-E87C1CA5AF32}.Debug|Any CPU.Build.0 = Debug|Any CPU
		{964B6337-A446-4BCA-AFD2-E87C1CA5AF32}.Release|Any CPU.ActiveCfg = Release|Any CPU
		{964B6337-A446-4BCA-AFD2-E87C1CA5AF32}.Release|Any CPU.Build.0 = Release|Any CPU
	EndGlobalSection
	GlobalSection(SolutionProperties) = preSolution
		HideSolutionNode = FALSE
	EndGlobalSection
	GlobalSection(ExtensibilityGlobals) = postSolution
		SolutionGuid = {6CB6CD70-5C35-4135-8891-9EE48C391A9E}
	EndGlobalSection
EndGlobal
